
Microsoft Visual Studio Solution File, Format Version 12.00
# Visual Studio Version 17
VisualStudioVersion = 17.10.34928.147
MinimumVisualStudioVersion = 10.0.40219.1
Project("{A07B5EB6-E848-4116-A8D0-A826331D98C6}") = "backend", "backend\backend.sfproj", "{15D3D968-DC4A-440C-83F6-09AB5E69AFD3}"
EndProject
Project("{9A19103F-16F7-4668-BE54-9A1E7A4F7556}") = "API", "API\API.csproj", "{A3BE0361-7346-4E06-9264-671851A864CD}"
EndProject
Project("{9A19103F-16F7-4668-BE54-9A1E7A4F7556}") = "RedditDataRepository", "RedditDataRepository\RedditDataRepository.csproj", "{18ACC5ED-91E7-42FA-B196-141BD9757B8F}"
EndProject
Project("{9A19103F-16F7-4668-BE54-9A1E7A4F7556}") = "NotificationService", "NotificationService\NotificationService.csproj", "{0EA787A5-0188-4153-8EEF-574257A4D540}"
EndProject
Project("{FAE04EC0-301F-11D3-BF4B-00C04F79EFBC}") = "HealthMonitoringService", "HealthMonitoringService\HealthMonitoringService.csproj", "{0FCDEA67-9C25-4D23-835F-5781CB55F3C7}"
EndProject
Project("{FAE04EC0-301F-11D3-BF4B-00C04F79EFBC}") = "AdminToolsConsoleApp", "AdminToolsConsoleApp\AdminToolsConsoleApp.csproj", "{8E5EAAA5-FB9F-4E34-BA1D-B0322820E48C}"
EndProject
Project("{FAE04EC0-301F-11D3-BF4B-00C04F79EFBC}") = "HealthStatus", "HealthStatus\HealthStatus.csproj", "{1C7CB899-8834-48E6-B4CD-E521B3B0E3F2}"
EndProject
Global
	GlobalSection(SolutionConfigurationPlatforms) = preSolution
		Debug|Any CPU = Debug|Any CPU
		Debug|x64 = Debug|x64
		Release|Any CPU = Release|Any CPU
		Release|x64 = Release|x64
	EndGlobalSection
	GlobalSection(ProjectConfigurationPlatforms) = postSolution
		{15D3D968-DC4A-440C-83F6-09AB5E69AFD3}.Debug|Any CPU.ActiveCfg = Debug|x64
		{15D3D968-DC4A-440C-83F6-09AB5E69AFD3}.Debug|Any CPU.Build.0 = Debug|x64
		{15D3D968-DC4A-440C-83F6-09AB5E69AFD3}.Debug|Any CPU.Deploy.0 = Debug|x64
		{15D3D968-DC4A-440C-83F6-09AB5E69AFD3}.Debug|x64.ActiveCfg = Debug|x64
		{15D3D968-DC4A-440C-83F6-09AB5E69AFD3}.Debug|x64.Build.0 = Debug|x64
		{15D3D968-DC4A-440C-83F6-09AB5E69AFD3}.Debug|x64.Deploy.0 = Debug|x64
		{15D3D968-DC4A-440C-83F6-09AB5E69AFD3}.Release|Any CPU.ActiveCfg = Release|x64
		{15D3D968-DC4A-440C-83F6-09AB5E69AFD3}.Release|Any CPU.Build.0 = Release|x64
		{15D3D968-DC4A-440C-83F6-09AB5E69AFD3}.Release|Any CPU.Deploy.0 = Release|x64
		{15D3D968-DC4A-440C-83F6-09AB5E69AFD3}.Release|x64.ActiveCfg = Release|x64
		{15D3D968-DC4A-440C-83F6-09AB5E69AFD3}.Release|x64.Build.0 = Release|x64
		{15D3D968-DC4A-440C-83F6-09AB5E69AFD3}.Release|x64.Deploy.0 = Release|x64
		{A3BE0361-7346-4E06-9264-671851A864CD}.Debug|Any CPU.ActiveCfg = Debug|Any CPU
		{A3BE0361-7346-4E06-9264-671851A864CD}.Debug|Any CPU.Build.0 = Debug|Any CPU
		{A3BE0361-7346-4E06-9264-671851A864CD}.Debug|x64.ActiveCfg = Debug|Any CPU
		{A3BE0361-7346-4E06-9264-671851A864CD}.Debug|x64.Build.0 = Debug|Any CPU
		{A3BE0361-7346-4E06-9264-671851A864CD}.Release|Any CPU.ActiveCfg = Release|Any CPU
		{A3BE0361-7346-4E06-9264-671851A864CD}.Release|Any CPU.Build.0 = Release|Any CPU
		{A3BE0361-7346-4E06-9264-671851A864CD}.Release|x64.ActiveCfg = Release|Any CPU
		{A3BE0361-7346-4E06-9264-671851A864CD}.Release|x64.Build.0 = Release|Any CPU
		{18ACC5ED-91E7-42FA-B196-141BD9757B8F}.Debug|Any CPU.ActiveCfg = Debug|Any CPU
		{18ACC5ED-91E7-42FA-B196-141BD9757B8F}.Debug|Any CPU.Build.0 = Debug|Any CPU
		{18ACC5ED-91E7-42FA-B196-141BD9757B8F}.Debug|x64.ActiveCfg = Debug|Any CPU
		{18ACC5ED-91E7-42FA-B196-141BD9757B8F}.Debug|x64.Build.0 = Debug|Any CPU
		{18ACC5ED-91E7-42FA-B196-141BD9757B8F}.Release|Any CPU.ActiveCfg = Release|Any CPU
		{18ACC5ED-91E7-42FA-B196-141BD9757B8F}.Release|Any CPU.Build.0 = Release|Any CPU
		{18ACC5ED-91E7-42FA-B196-141BD9757B8F}.Release|x64.ActiveCfg = Release|Any CPU
		{18ACC5ED-91E7-42FA-B196-141BD9757B8F}.Release|x64.Build.0 = Release|Any CPU
		{0EA787A5-0188-4153-8EEF-574257A4D540}.Debug|Any CPU.ActiveCfg = Debug|Any CPU
		{0EA787A5-0188-4153-8EEF-574257A4D540}.Debug|Any CPU.Build.0 = Debug|Any CPU
		{0EA787A5-0188-4153-8EEF-574257A4D540}.Debug|x64.ActiveCfg = Debug|Any CPU
		{0EA787A5-0188-4153-8EEF-574257A4D540}.Debug|x64.Build.0 = Debug|Any CPU
		{0EA787A5-0188-4153-8EEF-574257A4D540}.Release|Any CPU.ActiveCfg = Release|Any CPU
		{0EA787A5-0188-4153-8EEF-574257A4D540}.Release|Any CPU.Build.0 = Release|Any CPU
		{0EA787A5-0188-4153-8EEF-574257A4D540}.Release|x64.ActiveCfg = Release|Any CPU
		{0EA787A5-0188-4153-8EEF-574257A4D540}.Release|x64.Build.0 = Release|Any CPU
		{0FCDEA67-9C25-4D23-835F-5781CB55F3C7}.Debug|Any CPU.ActiveCfg = Debug|Any CPU
		{0FCDEA67-9C25-4D23-835F-5781CB55F3C7}.Debug|Any CPU.Build.0 = Debug|Any CPU
		{0FCDEA67-9C25-4D23-835F-5781CB55F3C7}.Debug|x64.ActiveCfg = Debug|Any CPU
		{0FCDEA67-9C25-4D23-835F-5781CB55F3C7}.Debug|x64.Build.0 = Debug|Any CPU
		{0FCDEA67-9C25-4D23-835F-5781CB55F3C7}.Release|Any CPU.ActiveCfg = Release|Any CPU
		{0FCDEA67-9C25-4D23-835F-5781CB55F3C7}.Release|Any CPU.Build.0 = Release|Any CPU
		{0FCDEA67-9C25-4D23-835F-5781CB55F3C7}.Release|x64.ActiveCfg = Release|Any CPU
		{0FCDEA67-9C25-4D23-835F-5781CB55F3C7}.Release|x64.Build.0 = Release|Any CPU
		{8E5EAAA5-FB9F-4E34-BA1D-B0322820E48C}.Debug|Any CPU.ActiveCfg = Debug|Any CPU
		{8E5EAAA5-FB9F-4E34-BA1D-B0322820E48C}.Debug|Any CPU.Build.0 = Debug|Any CPU
		{8E5EAAA5-FB9F-4E34-BA1D-B0322820E48C}.Debug|x64.ActiveCfg = Debug|Any CPU
		{8E5EAAA5-FB9F-4E34-BA1D-B0322820E48C}.Debug|x64.Build.0 = Debug|Any CPU
		{8E5EAAA5-FB9F-4E34-BA1D-B0322820E48C}.Release|Any CPU.ActiveCfg = Release|Any CPU
		{8E5EAAA5-FB9F-4E34-BA1D-B0322820E48C}.Release|Any CPU.Build.0 = Release|Any CPU
		{8E5EAAA5-FB9F-4E34-BA1D-B0322820E48C}.Release|x64.ActiveCfg = Release|Any CPU
		{8E5EAAA5-FB9F-4E34-BA1D-B0322820E48C}.Release|x64.Build.0 = Release|Any CPU
		{1C7CB899-8834-48E6-B4CD-E521B3B0E3F2}.Debug|Any CPU.ActiveCfg = Debug|Any CPU
		{1C7CB899-8834-48E6-B4CD-E521B3B0E3F2}.Debug|Any CPU.Build.0 = Debug|Any CPU
		{1C7CB899-8834-48E6-B4CD-E521B3B0E3F2}.Debug|x64.ActiveCfg = Debug|Any CPU
		{1C7CB899-8834-48E6-B4CD-E521B3B0E3F2}.Debug|x64.Build.0 = Debug|Any CPU
		{1C7CB899-8834-48E6-B4CD-E521B3B0E3F2}.Release|Any CPU.ActiveCfg = Release|Any CPU
		{1C7CB899-8834-48E6-B4CD-E521B3B0E3F2}.Release|Any CPU.Build.0 = Release|Any CPU
		{1C7CB899-8834-48E6-B4CD-E521B3B0E3F2}.Release|x64.ActiveCfg = Release|Any CPU
		{1C7CB899-8834-48E6-B4CD-E521B3B0E3F2}.Release|x64.Build.0 = Release|Any CPU
	EndGlobalSection
	GlobalSection(SolutionProperties) = preSolution
		HideSolutionNode = FALSE
	EndGlobalSection
	GlobalSection(ExtensibilityGlobals) = postSolution
		SolutionGuid = {960991EC-79D0-4404-B360-6E632D0EA234}
	EndGlobalSection
EndGlobal
